
Microsoft Visual Studio Solution File, Format Version 12.00
# Visual Studio Version 17
VisualStudioVersion = 17.3.32819.101
MinimumVisualStudioVersion = 10.0.40219.1
Project("{888888A0-9F3D-457C-B088-3A5042F75D52}") = "kap 5 uppgift 2.1", "kap 5 uppgift 2.1\kap 5 uppgift 2.1.pyproj", "{1E9E46A3-409A-448A-AA14-AC1F5734770E}"
EndProject
Global
	GlobalSection(SolutionConfigurationPlatforms) = preSolution
		Debug|Any CPU = Debug|Any CPU
		Release|Any CPU = Release|Any CPU
	EndGlobalSection
	GlobalSection(ProjectConfigurationPlatforms) = postSolution
		{1E9E46A3-409A-448A-AA14-AC1F5734770E}.Debug|Any CPU.ActiveCfg = Debug|Any CPU
		{1E9E46A3-409A-448A-AA14-AC1F5734770E}.Release|Any CPU.ActiveCfg = Release|Any CPU
	EndGlobalSection
	GlobalSection(SolutionProperties) = preSolution
		HideSolutionNode = FALSE
	EndGlobalSection
	GlobalSection(ExtensibilityGlobals) = postSolution
		SolutionGuid = {F853E142-4F54-4FBE-95DE-35A6BB6D85F5}
	EndGlobalSection
EndGlobal
